// !$*UTF8*$!
{
	archiveVersion = 1;
	classes = {
	};
	objectVersion = 56;
	objects = {

/* Begin PBXBuildFile section */
		3CE65FAF2AB19FAF00E1F476 /* AppDelegate.swift in Sources */ = {isa = PBXBuildFile; fileRef = 3CE65FAE2AB19FAF00E1F476 /* AppDelegate.swift */; };
		3CE65FB12AB19FAF00E1F476 /* SceneDelegate.swift in Sources */ = {isa = PBXBuildFile; fileRef = 3CE65FB02AB19FAF00E1F476 /* SceneDelegate.swift */; };
		3CE65FB32AB19FAF00E1F476 /* WelcomeViewController.swift in Sources */ = {isa = PBXBuildFile; fileRef = 3CE65FB22AB19FAF00E1F476 /* WelcomeViewController.swift */; };
		3CE65FB82AB19FB000E1F476 /* Assets.xcassets in Resources */ = {isa = PBXBuildFile; fileRef = 3CE65FB72AB19FB000E1F476 /* Assets.xcassets */; };
		3CE65FBB2AB19FB000E1F476 /* LaunchScreen.storyboard in Resources */ = {isa = PBXBuildFile; fileRef = 3CE65FB92AB19FB000E1F476 /* LaunchScreen.storyboard */; };
		3CE65FC72AB1A0EB00E1F476 /* SnapKit in Frameworks */ = {isa = PBXBuildFile; productRef = 3CE65FC62AB1A0EB00E1F476 /* SnapKit */; };
		3CE65FCA2AB1A1EC00E1F476 /* WelcomeView.swift in Sources */ = {isa = PBXBuildFile; fileRef = 3CE65FC92AB1A1EC00E1F476 /* WelcomeView.swift */; };
		3CE65FCC2AB1A7C500E1F476 /* RegisterViewController.swift in Sources */ = {isa = PBXBuildFile; fileRef = 3CE65FCB2AB1A7C500E1F476 /* RegisterViewController.swift */; };
		3CE65FCE2AB1A85C00E1F476 /* RegisterView.swift in Sources */ = {isa = PBXBuildFile; fileRef = 3CE65FCD2AB1A85C00E1F476 /* RegisterView.swift */; };
		3CE65FD02AB1B7E400E1F476 /* LoginViewController.swift in Sources */ = {isa = PBXBuildFile; fileRef = 3CE65FCF2AB1B7E400E1F476 /* LoginViewController.swift */; };
		3CE65FD22AB1B8FA00E1F476 /* CustomView.swift in Sources */ = {isa = PBXBuildFile; fileRef = 3CE65FD12AB1B8FA00E1F476 /* CustomView.swift */; };
		3CE65FD42AB1BB1800E1F476 /* LoginView.swift in Sources */ = {isa = PBXBuildFile; fileRef = 3CE65FD32AB1BB1800E1F476 /* LoginView.swift */; };
		3CE65FD62AB1BD7000E1F476 /* ChatViewController.swift in Sources */ = {isa = PBXBuildFile; fileRef = 3CE65FD52AB1BD7000E1F476 /* ChatViewController.swift */; };
		3CE65FD82AB1BDA100E1F476 /* ChatView.swift in Sources */ = {isa = PBXBuildFile; fileRef = 3CE65FD72AB1BDA100E1F476 /* ChatView.swift */; };
		3CE65FDA2AB2F27800E1F476 /* GoogleService-Info.plist in Resources */ = {isa = PBXBuildFile; fileRef = 3CE65FD92AB2F27800E1F476 /* GoogleService-Info.plist */; };
		3CE65FDC2AB328AF00E1F476 /* Constants.swift in Sources */ = {isa = PBXBuildFile; fileRef = 3CE65FDB2AB328AF00E1F476 /* Constants.swift */; };
		B91AD6EA471ABAA5DFACE669 /* Pods_FlashChat.framework in Frameworks */ = {isa = PBXBuildFile; fileRef = 05BC44A787C567C8BF7E332E /* Pods_FlashChat.framework */; };
/* End PBXBuildFile section */

/* Begin PBXFileReference section */
		05BC44A787C567C8BF7E332E /* Pods_FlashChat.framework */ = {isa = PBXFileReference; explicitFileType = wrapper.framework; includeInIndex = 0; path = Pods_FlashChat.framework; sourceTree = BUILT_PRODUCTS_DIR; };
		3CE65FAB2AB19FAF00E1F476 /* FlashChat.app */ = {isa = PBXFileReference; explicitFileType = wrapper.application; includeInIndex = 0; path = FlashChat.app; sourceTree = BUILT_PRODUCTS_DIR; };
		3CE65FAE2AB19FAF00E1F476 /* AppDelegate.swift */ = {isa = PBXFileReference; lastKnownFileType = sourcecode.swift; path = AppDelegate.swift; sourceTree = "<group>"; };
		3CE65FB02AB19FAF00E1F476 /* SceneDelegate.swift */ = {isa = PBXFileReference; lastKnownFileType = sourcecode.swift; path = SceneDelegate.swift; sourceTree = "<group>"; };
		3CE65FB22AB19FAF00E1F476 /* WelcomeViewController.swift */ = {isa = PBXFileReference; lastKnownFileType = sourcecode.swift; path = WelcomeViewController.swift; sourceTree = "<group>"; };
		3CE65FB72AB19FB000E1F476 /* Assets.xcassets */ = {isa = PBXFileReference; lastKnownFileType = folder.assetcatalog; path = Assets.xcassets; sourceTree = "<group>"; };
		3CE65FBA2AB19FB000E1F476 /* Base */ = {isa = PBXFileReference; lastKnownFileType = file.storyboard; name = Base; path = Base.lproj/LaunchScreen.storyboard; sourceTree = "<group>"; };
		3CE65FBC2AB19FB000E1F476 /* Info.plist */ = {isa = PBXFileReference; lastKnownFileType = text.plist.xml; path = Info.plist; sourceTree = "<group>"; };
		3CE65FC92AB1A1EC00E1F476 /* WelcomeView.swift */ = {isa = PBXFileReference; lastKnownFileType = sourcecode.swift; path = WelcomeView.swift; sourceTree = "<group>"; };
		3CE65FCB2AB1A7C500E1F476 /* RegisterViewController.swift */ = {isa = PBXFileReference; lastKnownFileType = sourcecode.swift; path = RegisterViewController.swift; sourceTree = "<group>"; };
		3CE65FCD2AB1A85C00E1F476 /* RegisterView.swift */ = {isa = PBXFileReference; lastKnownFileType = sourcecode.swift; path = RegisterView.swift; sourceTree = "<group>"; };
		3CE65FCF2AB1B7E400E1F476 /* LoginViewController.swift */ = {isa = PBXFileReference; lastKnownFileType = sourcecode.swift; path = LoginViewController.swift; sourceTree = "<group>"; };
		3CE65FD12AB1B8FA00E1F476 /* CustomView.swift */ = {isa = PBXFileReference; lastKnownFileType = sourcecode.swift; path = CustomView.swift; sourceTree = "<group>"; };
		3CE65FD32AB1BB1800E1F476 /* LoginView.swift */ = {isa = PBXFileReference; lastKnownFileType = sourcecode.swift; path = LoginView.swift; sourceTree = "<group>"; };
		3CE65FD52AB1BD7000E1F476 /* ChatViewController.swift */ = {isa = PBXFileReference; lastKnownFileType = sourcecode.swift; path = ChatViewController.swift; sourceTree = "<group>"; };
		3CE65FD72AB1BDA100E1F476 /* ChatView.swift */ = {isa = PBXFileReference; lastKnownFileType = sourcecode.swift; path = ChatView.swift; sourceTree = "<group>"; };
		3CE65FD92AB2F27800E1F476 /* GoogleService-Info.plist */ = {isa = PBXFileReference; fileEncoding = 4; lastKnownFileType = text.plist.xml; path = "GoogleService-Info.plist"; sourceTree = "<group>"; };
		3CE65FDB2AB328AF00E1F476 /* Constants.swift */ = {isa = PBXFileReference; lastKnownFileType = sourcecode.swift; path = Constants.swift; sourceTree = "<group>"; };
		7762BAE4E18D7AD072B04249 /* Pods-FlashChat.release.xcconfig */ = {isa = PBXFileReference; includeInIndex = 1; lastKnownFileType = text.xcconfig; name = "Pods-FlashChat.release.xcconfig"; path = "Target Support Files/Pods-FlashChat/Pods-FlashChat.release.xcconfig"; sourceTree = "<group>"; };
		BB0623E0CDA414EDE77C1E8C /* Pods-FlashChat.debug.xcconfig */ = {isa = PBXFileReference; includeInIndex = 1; lastKnownFileType = text.xcconfig; name = "Pods-FlashChat.debug.xcconfig"; path = "Target Support Files/Pods-FlashChat/Pods-FlashChat.debug.xcconfig"; sourceTree = "<group>"; };
/* End PBXFileReference section */

/* Begin PBXFrameworksBuildPhase section */
		3CE65FA82AB19FAF00E1F476 /* Frameworks */ = {
			isa = PBXFrameworksBuildPhase;
			buildActionMask = 2147483647;
			files = (
				3CE65FC72AB1A0EB00E1F476 /* SnapKit in Frameworks */,
				B91AD6EA471ABAA5DFACE669 /* Pods_FlashChat.framework in Frameworks */,
			);
			runOnlyForDeploymentPostprocessing = 0;
		};
/* End PBXFrameworksBuildPhase section */

/* Begin PBXGroup section */
		0FBC2870A406D93AEB54820B /* Frameworks */ = {
			isa = PBXGroup;
			children = (
				05BC44A787C567C8BF7E332E /* Pods_FlashChat.framework */,
			);
			name = Frameworks;
			sourceTree = "<group>";
		};
		3CE65FA22AB19FAF00E1F476 = {
			isa = PBXGroup;
			children = (
				3CE65FAD2AB19FAF00E1F476 /* FlashChat */,
				3CE65FAC2AB19FAF00E1F476 /* Products */,
				D17ECC9DFF5E7982B46038E3 /* Pods */,
				0FBC2870A406D93AEB54820B /* Frameworks */,
			);
			sourceTree = "<group>";
		};
		3CE65FAC2AB19FAF00E1F476 /* Products */ = {
			isa = PBXGroup;
			children = (
				3CE65FAB2AB19FAF00E1F476 /* FlashChat.app */,
			);
			name = Products;
			sourceTree = "<group>";
		};
		3CE65FAD2AB19FAF00E1F476 /* FlashChat */ = {
			isa = PBXGroup;
			children = (
				3CE65FC32AB1A06100E1F476 /* App */,
				3CE65FC82AB1A1C100E1F476 /* Views */,
				3CE65FC22AB1A05A00E1F476 /* Controllers */,
				3CE65FC42AB1A06D00E1F476 /* Resources */,
				3CE65FDB2AB328AF00E1F476 /* Constants.swift */,
				3CE65FBC2AB19FB000E1F476 /* Info.plist */,
				3CE65FD92AB2F27800E1F476 /* GoogleService-Info.plist */,
			);
			path = FlashChat;
			sourceTree = "<group>";
		};
		3CE65FC22AB1A05A00E1F476 /* Controllers */ = {
			isa = PBXGroup;
			children = (
				3CE65FB22AB19FAF00E1F476 /* WelcomeViewController.swift */,
				3CE65FCB2AB1A7C500E1F476 /* RegisterViewController.swift */,
				3CE65FCF2AB1B7E400E1F476 /* LoginViewController.swift */,
				3CE65FD52AB1BD7000E1F476 /* ChatViewController.swift */,
			);
			path = Controllers;
			sourceTree = "<group>";
		};
		3CE65FC32AB1A06100E1F476 /* App */ = {
			isa = PBXGroup;
			children = (
				3CE65FAE2AB19FAF00E1F476 /* AppDelegate.swift */,
				3CE65FB02AB19FAF00E1F476 /* SceneDelegate.swift */,
			);
			path = App;
			sourceTree = "<group>";
		};
		3CE65FC42AB1A06D00E1F476 /* Resources */ = {
			isa = PBXGroup;
			children = (
				3CE65FB92AB19FB000E1F476 /* LaunchScreen.storyboard */,
				3CE65FB72AB19FB000E1F476 /* Assets.xcassets */,
			);
			path = Resources;
			sourceTree = "<group>";
		};
		3CE65FC82AB1A1C100E1F476 /* Views */ = {
			isa = PBXGroup;
			children = (
				3CE65FC92AB1A1EC00E1F476 /* WelcomeView.swift */,
				3CE65FD12AB1B8FA00E1F476 /* CustomView.swift */,
				3CE65FCD2AB1A85C00E1F476 /* RegisterView.swift */,
				3CE65FD32AB1BB1800E1F476 /* LoginView.swift */,
				3CE65FD72AB1BDA100E1F476 /* ChatView.swift */,
			);
			path = Views;
			sourceTree = "<group>";
		};
		D17ECC9DFF5E7982B46038E3 /* Pods */ = {
			isa = PBXGroup;
			children = (
				BB0623E0CDA414EDE77C1E8C /* Pods-FlashChat.debug.xcconfig */,
				7762BAE4E18D7AD072B04249 /* Pods-FlashChat.release.xcconfig */,
			);
			path = Pods;
			sourceTree = "<group>";
		};
/* End PBXGroup section */

/* Begin PBXNativeTarget section */
		3CE65FAA2AB19FAF00E1F476 /* FlashChat */ = {
			isa = PBXNativeTarget;
			buildConfigurationList = 3CE65FBF2AB19FB000E1F476 /* Build configuration list for PBXNativeTarget "FlashChat" */;
			buildPhases = (
				644CD89094842710AE1A3135 /* [CP] Check Pods Manifest.lock */,
				3CE65FA72AB19FAF00E1F476 /* Sources */,
				3CE65FA82AB19FAF00E1F476 /* Frameworks */,
				3CE65FA92AB19FAF00E1F476 /* Resources */,
				40B86615B2C4C3A1C4B911A4 /* [CP] Embed Pods Frameworks */,
			);
			buildRules = (
			);
			dependencies = (
			);
			name = FlashChat;
			packageProductDependencies = (
				3CE65FC62AB1A0EB00E1F476 /* SnapKit */,
			);
			productName = FlashChat;
			productReference = 3CE65FAB2AB19FAF00E1F476 /* FlashChat.app */;
			productType = "com.apple.product-type.application";
		};
/* End PBXNativeTarget section */

/* Begin PBXProject section */
		3CE65FA32AB19FAF00E1F476 /* Project object */ = {
			isa = PBXProject;
			attributes = {
				BuildIndependentTargetsInParallel = 1;
				LastSwiftUpdateCheck = 1430;
				LastUpgradeCheck = 1430;
				TargetAttributes = {
					3CE65FAA2AB19FAF00E1F476 = {
						CreatedOnToolsVersion = 14.3.1;
					};
				};
			};
			buildConfigurationList = 3CE65FA62AB19FAF00E1F476 /* Build configuration list for PBXProject "FlashChat" */;
			compatibilityVersion = "Xcode 14.0";
			developmentRegion = en;
			hasScannedForEncodings = 0;
			knownRegions = (
				en,
				Base,
			);
			mainGroup = 3CE65FA22AB19FAF00E1F476;
			packageReferences = (
				3CE65FC52AB1A0EB00E1F476 /* XCRemoteSwiftPackageReference "SnapKit" */,
			);
			productRefGroup = 3CE65FAC2AB19FAF00E1F476 /* Products */;
			projectDirPath = "";
			projectRoot = "";
			targets = (
				3CE65FAA2AB19FAF00E1F476 /* FlashChat */,
			);
		};
/* End PBXProject section */

/* Begin PBXResourcesBuildPhase section */
		3CE65FA92AB19FAF00E1F476 /* Resources */ = {
			isa = PBXResourcesBuildPhase;
			buildActionMask = 2147483647;
			files = (
				3CE65FBB2AB19FB000E1F476 /* LaunchScreen.storyboard in Resources */,
				3CE65FB82AB19FB000E1F476 /* Assets.xcassets in Resources */,
				3CE65FDA2AB2F27800E1F476 /* GoogleService-Info.plist in Resources */,
			);
			runOnlyForDeploymentPostprocessing = 0;
		};
/* End PBXResourcesBuildPhase section */

/* Begin PBXShellScriptBuildPhase section */
		40B86615B2C4C3A1C4B911A4 /* [CP] Embed Pods Frameworks */ = {
			isa = PBXShellScriptBuildPhase;
			buildActionMask = 2147483647;
			files = (
			);
			inputFileListPaths = (
				"${PODS_ROOT}/Target Support Files/Pods-FlashChat/Pods-FlashChat-frameworks-${CONFIGURATION}-input-files.xcfilelist",
			);
			name = "[CP] Embed Pods Frameworks";
			outputFileListPaths = (
				"${PODS_ROOT}/Target Support Files/Pods-FlashChat/Pods-FlashChat-frameworks-${CONFIGURATION}-output-files.xcfilelist",
			);
			runOnlyForDeploymentPostprocessing = 0;
			shellPath = /bin/sh;
			shellScript = "\"${PODS_ROOT}/Target Support Files/Pods-FlashChat/Pods-FlashChat-frameworks.sh\"\n";
			showEnvVarsInLog = 0;
		};
		644CD89094842710AE1A3135 /* [CP] Check Pods Manifest.lock */ = {
			isa = PBXShellScriptBuildPhase;
			buildActionMask = 2147483647;
			files = (
			);
			inputFileListPaths = (
			);
			inputPaths = (
				"${PODS_PODFILE_DIR_PATH}/Podfile.lock",
				"${PODS_ROOT}/Manifest.lock",
			);
			name = "[CP] Check Pods Manifest.lock";
			outputFileListPaths = (
			);
			outputPaths = (
				"$(DERIVED_FILE_DIR)/Pods-FlashChat-checkManifestLockResult.txt",
			);
			runOnlyForDeploymentPostprocessing = 0;
			shellPath = /bin/sh;
			shellScript = "diff \"${PODS_PODFILE_DIR_PATH}/Podfile.lock\" \"${PODS_ROOT}/Manifest.lock\" > /dev/null\nif [ $? != 0 ] ; then\n    # print error to STDERR\n    echo \"error: The sandbox is not in sync with the Podfile.lock. Run 'pod install' or update your CocoaPods installation.\" >&2\n    exit 1\nfi\n# This output is used by Xcode 'outputs' to avoid re-running this script phase.\necho \"SUCCESS\" > \"${SCRIPT_OUTPUT_FILE_0}\"\n";
			showEnvVarsInLog = 0;
		};
/* End PBXShellScriptBuildPhase section */

/* Begin PBXSourcesBuildPhase section */
		3CE65FA72AB19FAF00E1F476 /* Sources */ = {
			isa = PBXSourcesBuildPhase;
			buildActionMask = 2147483647;
			files = (
				3CE65FD02AB1B7E400E1F476 /* LoginViewController.swift in Sources */,
				3CE65FD22AB1B8FA00E1F476 /* CustomView.swift in Sources */,
				3CE65FB32AB19FAF00E1F476 /* WelcomeViewController.swift in Sources */,
				3CE65FD42AB1BB1800E1F476 /* LoginView.swift in Sources */,
				3CE65FD82AB1BDA100E1F476 /* ChatView.swift in Sources */,
				3CE65FCC2AB1A7C500E1F476 /* RegisterViewController.swift in Sources */,
				3CE65FCA2AB1A1EC00E1F476 /* WelcomeView.swift in Sources */,
				3CE65FCE2AB1A85C00E1F476 /* RegisterView.swift in Sources */,
				3CE65FAF2AB19FAF00E1F476 /* AppDelegate.swift in Sources */,
				3CE65FD62AB1BD7000E1F476 /* ChatViewController.swift in Sources */,
				3CE65FB12AB19FAF00E1F476 /* SceneDelegate.swift in Sources */,
				3CE65FDC2AB328AF00E1F476 /* Constants.swift in Sources */,
			);
			runOnlyForDeploymentPostprocessing = 0;
		};
/* End PBXSourcesBuildPhase section */

/* Begin PBXVariantGroup section */
		3CE65FB92AB19FB000E1F476 /* LaunchScreen.storyboard */ = {
			isa = PBXVariantGroup;
			children = (
				3CE65FBA2AB19FB000E1F476 /* Base */,
			);
			name = LaunchScreen.storyboard;
			sourceTree = "<group>";
		};
/* End PBXVariantGroup section */

/* Begin XCBuildConfiguration section */
		3CE65FBD2AB19FB000E1F476 /* Debug */ = {
			isa = XCBuildConfiguration;
			buildSettings = {
				ALWAYS_SEARCH_USER_PATHS = NO;
				CLANG_ANALYZER_NONNULL = YES;
				CLANG_ANALYZER_NUMBER_OBJECT_CONVERSION = YES_AGGRESSIVE;
				CLANG_CXX_LANGUAGE_STANDARD = "gnu++20";
				CLANG_ENABLE_MODULES = YES;
				CLANG_ENABLE_OBJC_ARC = YES;
				CLANG_ENABLE_OBJC_WEAK = YES;
				CLANG_WARN_BLOCK_CAPTURE_AUTORELEASING = YES;
				CLANG_WARN_BOOL_CONVERSION = YES;
				CLANG_WARN_COMMA = YES;
				CLANG_WARN_CONSTANT_CONVERSION = YES;
				CLANG_WARN_DEPRECATED_OBJC_IMPLEMENTATIONS = YES;
				CLANG_WARN_DIRECT_OBJC_ISA_USAGE = YES_ERROR;
				CLANG_WARN_DOCUMENTATION_COMMENTS = YES;
				CLANG_WARN_EMPTY_BODY = YES;
				CLANG_WARN_ENUM_CONVERSION = YES;
				CLANG_WARN_INFINITE_RECURSION = YES;
				CLANG_WARN_INT_CONVERSION = YES;
				CLANG_WARN_NON_LITERAL_NULL_CONVERSION = YES;
				CLANG_WARN_OBJC_IMPLICIT_RETAIN_SELF = YES;
				CLANG_WARN_OBJC_LITERAL_CONVERSION = YES;
				CLANG_WARN_OBJC_ROOT_CLASS = YES_ERROR;
				CLANG_WARN_QUOTED_INCLUDE_IN_FRAMEWORK_HEADER = YES;
				CLANG_WARN_RANGE_LOOP_ANALYSIS = YES;
				CLANG_WARN_STRICT_PROTOTYPES = YES;
				CLANG_WARN_SUSPICIOUS_MOVE = YES;
				CLANG_WARN_UNGUARDED_AVAILABILITY = YES_AGGRESSIVE;
				CLANG_WARN_UNREACHABLE_CODE = YES;
				CLANG_WARN__DUPLICATE_METHOD_MATCH = YES;
				COPY_PHASE_STRIP = NO;
				DEBUG_INFORMATION_FORMAT = dwarf;
				ENABLE_STRICT_OBJC_MSGSEND = YES;
				ENABLE_TESTABILITY = YES;
				GCC_C_LANGUAGE_STANDARD = gnu11;
				GCC_DYNAMIC_NO_PIC = NO;
				GCC_NO_COMMON_BLOCKS = YES;
				GCC_OPTIMIZATION_LEVEL = 0;
				GCC_PREPROCESSOR_DEFINITIONS = (
					"DEBUG=1",
					"$(inherited)",
				);
				GCC_WARN_64_TO_32_BIT_CONVERSION = YES;
				GCC_WARN_ABOUT_RETURN_TYPE = YES_ERROR;
				GCC_WARN_UNDECLARED_SELECTOR = YES;
				GCC_WARN_UNINITIALIZED_AUTOS = YES_AGGRESSIVE;
				GCC_WARN_UNUSED_FUNCTION = YES;
				GCC_WARN_UNUSED_VARIABLE = YES;
				IPHONEOS_DEPLOYMENT_TARGET = 16.4;
				MTL_ENABLE_DEBUG_INFO = INCLUDE_SOURCE;
				MTL_FAST_MATH = YES;
				ONLY_ACTIVE_ARCH = YES;
				SDKROOT = iphoneos;
				SWIFT_ACTIVE_COMPILATION_CONDITIONS = DEBUG;
				SWIFT_OPTIMIZATION_LEVEL = "-Onone";
			};
			name = Debug;
		};
		3CE65FBE2AB19FB000E1F476 /* Release */ = {
			isa = XCBuildConfiguration;
			buildSettings = {
				ALWAYS_SEARCH_USER_PATHS = NO;
				CLANG_ANALYZER_NONNULL = YES;
				CLANG_ANALYZER_NUMBER_OBJECT_CONVERSION = YES_AGGRESSIVE;
				CLANG_CXX_LANGUAGE_STANDARD = "gnu++20";
				CLANG_ENABLE_MODULES = YES;
				CLANG_ENABLE_OBJC_ARC = YES;
				CLANG_ENABLE_OBJC_WEAK = YES;
				CLANG_WARN_BLOCK_CAPTURE_AUTORELEASING = YES;
				CLANG_WARN_BOOL_CONVERSION = YES;
				CLANG_WARN_COMMA = YES;
				CLANG_WARN_CONSTANT_CONVERSION = YES;
				CLANG_WARN_DEPRECATED_OBJC_IMPLEMENTATIONS = YES;
				CLANG_WARN_DIRECT_OBJC_ISA_USAGE = YES_ERROR;
				CLANG_WARN_DOCUMENTATION_COMMENTS = YES;
				CLANG_WARN_EMPTY_BODY = YES;
				CLANG_WARN_ENUM_CONVERSION = YES;
				CLANG_WARN_INFINITE_RECURSION = YES;
				CLANG_WARN_INT_CONVERSION = YES;
				CLANG_WARN_NON_LITERAL_NULL_CONVERSION = YES;
				CLANG_WARN_OBJC_IMPLICIT_RETAIN_SELF = YES;
				CLANG_WARN_OBJC_LITERAL_CONVERSION = YES;
				CLANG_WARN_OBJC_ROOT_CLASS = YES_ERROR;
				CLANG_WARN_QUOTED_INCLUDE_IN_FRAMEWORK_HEADER = YES;
				CLANG_WARN_RANGE_LOOP_ANALYSIS = YES;
				CLANG_WARN_STRICT_PROTOTYPES = YES;
				CLANG_WARN_SUSPICIOUS_MOVE = YES;
				CLANG_WARN_UNGUARDED_AVAILABILITY = YES_AGGRESSIVE;
				CLANG_WARN_UNREACHABLE_CODE = YES;
				CLANG_WARN__DUPLICATE_METHOD_MATCH = YES;
				COPY_PHASE_STRIP = NO;
				DEBUG_INFORMATION_FORMAT = "dwarf-with-dsym";
				ENABLE_NS_ASSERTIONS = NO;
				ENABLE_STRICT_OBJC_MSGSEND = YES;
				GCC_C_LANGUAGE_STANDARD = gnu11;
				GCC_NO_COMMON_BLOCKS = YES;
				GCC_WARN_64_TO_32_BIT_CONVERSION = YES;
				GCC_WARN_ABOUT_RETURN_TYPE = YES_ERROR;
				GCC_WARN_UNDECLARED_SELECTOR = YES;
				GCC_WARN_UNINITIALIZED_AUTOS = YES_AGGRESSIVE;
				GCC_WARN_UNUSED_FUNCTION = YES;
				GCC_WARN_UNUSED_VARIABLE = YES;
				IPHONEOS_DEPLOYMENT_TARGET = 16.4;
				MTL_ENABLE_DEBUG_INFO = NO;
				MTL_FAST_MATH = YES;
				SDKROOT = iphoneos;
				SWIFT_COMPILATION_MODE = wholemodule;
				SWIFT_OPTIMIZATION_LEVEL = "-O";
				VALIDATE_PRODUCT = YES;
			};
			name = Release;
		};
		3CE65FC02AB19FB000E1F476 /* Debug */ = {
			isa = XCBuildConfiguration;
			baseConfigurationReference = BB0623E0CDA414EDE77C1E8C /* Pods-FlashChat.debug.xcconfig */;
			buildSettings = {
				ASSETCATALOG_COMPILER_APPICON_NAME = AppIcon;
				ASSETCATALOG_COMPILER_GLOBAL_ACCENT_COLOR_NAME = AccentColor;
				CODE_SIGN_STYLE = Automatic;
				CURRENT_PROJECT_VERSION = 1;
				DEVELOPMENT_TEAM = T22G8674NU;
				GENERATE_INFOPLIST_FILE = YES;
				INFOPLIST_FILE = FlashChat/Info.plist;
				INFOPLIST_KEY_UIApplicationSupportsIndirectInputEvents = YES;
				INFOPLIST_KEY_UILaunchStoryboardName = LaunchScreen;
				INFOPLIST_KEY_UISupportedInterfaceOrientations_iPad = "UIInterfaceOrientationPortrait UIInterfaceOrientationPortraitUpsideDown UIInterfaceOrientationLandscapeLeft UIInterfaceOrientationLandscapeRight";
				INFOPLIST_KEY_UISupportedInterfaceOrientations_iPhone = "UIInterfaceOrientationPortrait UIInterfaceOrientationLandscapeLeft UIInterfaceOrientationLandscapeRight";
				LD_RUNPATH_SEARCH_PATHS = (
					"$(inherited)",
					"@executable_path/Frameworks",
				);
				MARKETING_VERSION = 1.0;
				PRODUCT_BUNDLE_IDENTIFIER = KirillTaraturin.FlashChat;
				PRODUCT_NAME = "$(TARGET_NAME)";
				SWIFT_EMIT_LOC_STRINGS = YES;
				SWIFT_VERSION = 5.0;
				TARGETED_DEVICE_FAMILY = "1,2";
			};
			name = Debug;
		};
		3CE65FC12AB19FB000E1F476 /* Release */ = {
			isa = XCBuildConfiguration;
			baseConfigurationReference = 7762BAE4E18D7AD072B04249 /* Pods-FlashChat.release.xcconfig */;
			buildSettings = {
				ASSETCATALOG_COMPILER_APPICON_NAME = AppIcon;
				ASSETCATALOG_COMPILER_GLOBAL_ACCENT_COLOR_NAME = AccentColor;
				CODE_SIGN_STYLE = Automatic;
				CURRENT_PROJECT_VERSION = 1;
				DEVELOPMENT_TEAM = T22G8674NU;
				GENERATE_INFOPLIST_FILE = YES;
				INFOPLIST_FILE = FlashChat/Info.plist;
				INFOPLIST_KEY_UIApplicationSupportsIndirectInputEvents = YES;
				INFOPLIST_KEY_UILaunchStoryboardName = LaunchScreen;
				INFOPLIST_KEY_UISupportedInterfaceOrientations_iPad = "UIInterfaceOrientationPortrait UIInterfaceOrientationPortraitUpsideDown UIInterfaceOrientationLandscapeLeft UIInterfaceOrientationLandscapeRight";
				INFOPLIST_KEY_UISupportedInterfaceOrientations_iPhone = "UIInterfaceOrientationPortrait UIInterfaceOrientationLandscapeLeft UIInterfaceOrientationLandscapeRight";
				LD_RUNPATH_SEARCH_PATHS = (
					"$(inherited)",
					"@executable_path/Frameworks",
				);
				MARKETING_VERSION = 1.0;
				PRODUCT_BUNDLE_IDENTIFIER = KirillTaraturin.FlashChat;
				PRODUCT_NAME = "$(TARGET_NAME)";
				SWIFT_EMIT_LOC_STRINGS = YES;
				SWIFT_VERSION = 5.0;
				TARGETED_DEVICE_FAMILY = "1,2";
			};
			name = Release;
		};
/* End XCBuildConfiguration section */

/* Begin XCConfigurationList section */
		3CE65FA62AB19FAF00E1F476 /* Build configuration list for PBXProject "FlashChat" */ = {
			isa = XCConfigurationList;
			buildConfigurations = (
				3CE65FBD2AB19FB000E1F476 /* Debug */,
				3CE65FBE2AB19FB000E1F476 /* Release */,
			);
			defaultConfigurationIsVisible = 0;
			defaultConfigurationName = Release;
		};
		3CE65FBF2AB19FB000E1F476 /* Build configuration list for PBXNativeTarget "FlashChat" */ = {
			isa = XCConfigurationList;
			buildConfigurations = (
				3CE65FC02AB19FB000E1F476 /* Debug */,
				3CE65FC12AB19FB000E1F476 /* Release */,
			);
			defaultConfigurationIsVisible = 0;
			defaultConfigurationName = Release;
		};
/* End XCConfigurationList section */

/* Begin XCRemoteSwiftPackageReference section */
		3CE65FC52AB1A0EB00E1F476 /* XCRemoteSwiftPackageReference "SnapKit" */ = {
			isa = XCRemoteSwiftPackageReference;
			repositoryURL = "https://github.com/SnapKit/SnapKit.git";
			requirement = {
				kind = upToNextMajorVersion;
				minimumVersion = 5.0.0;
			};
		};
/* End XCRemoteSwiftPackageReference section */

/* Begin XCSwiftPackageProductDependency section */
		3CE65FC62AB1A0EB00E1F476 /* SnapKit */ = {
			isa = XCSwiftPackageProductDependency;
			package = 3CE65FC52AB1A0EB00E1F476 /* XCRemoteSwiftPackageReference "SnapKit" */;
			productName = SnapKit;
		};
/* End XCSwiftPackageProductDependency section */
	};
	rootObject = 3CE65FA32AB19FAF00E1F476 /* Project object */;
}
